
Microsoft Visual Studio Solution File, Format Version 12.00
# Visual Studio 15
VisualStudioVersion = 15.0.27428.2037
MinimumVisualStudioVersion = 10.0.40219.1
Project("{FAE04EC0-301F-11D3-BF4B-00C04F79EFBC}") = "ParsetheParcel1", "ParsetheParcel1\ParsetheParcel1.csproj", "{B1464FB5-B203-4DB3-B876-361DDA71738B}"
EndProject
Project("{FAE04EC0-301F-11D3-BF4B-00C04F79EFBC}") = "ParcelTests", "ParcelTests\ParcelTests.csproj", "{5F53D1C5-A3E0-4863-995F-1DCD4F56ABF7}"
EndProject
Global
	GlobalSection(SolutionConfigurationPlatforms) = preSolution
		Debug|Any CPU = Debug|Any CPU
		Release|Any CPU = Release|Any CPU
	EndGlobalSection
	GlobalSection(ProjectConfigurationPlatforms) = postSolution
		{B1464FB5-B203-4DB3-B876-361DDA71738B}.Debug|Any CPU.ActiveCfg = Debug|Any CPU
		{B1464FB5-B203-4DB3-B876-361DDA71738B}.Debug|Any CPU.Build.0 = Debug|Any CPU
		{B1464FB5-B203-4DB3-B876-361DDA71738B}.Release|Any CPU.ActiveCfg = Release|Any CPU
		{B1464FB5-B203-4DB3-B876-361DDA71738B}.Release|Any CPU.Build.0 = Release|Any CPU
		{5F53D1C5-A3E0-4863-995F-1DCD4F56ABF7}.Debug|Any CPU.ActiveCfg = Debug|Any CPU
		{5F53D1C5-A3E0-4863-995F-1DCD4F56ABF7}.Debug|Any CPU.Build.0 = Debug|Any CPU
		{5F53D1C5-A3E0-4863-995F-1DCD4F56ABF7}.Release|Any CPU.ActiveCfg = Release|Any CPU
		{5F53D1C5-A3E0-4863-995F-1DCD4F56ABF7}.Release|Any CPU.Build.0 = Release|Any CPU
	EndGlobalSection
	GlobalSection(SolutionProperties) = preSolution
		HideSolutionNode = FALSE
	EndGlobalSection
	GlobalSection(ExtensibilityGlobals) = postSolution
		SolutionGuid = {367F1378-7889-4CD3-B388-0B4D6FDCA172}
	EndGlobalSection
EndGlobal
